{
  "name": "WiseWhisperingWontons",
  "lockfileVersion": 2,
  "requires": true,
  "packages": {
    "": {
      "devDependencies": {
        "tram-lite": "^2.4.1"
      }
    },
    "node_modules/tram-lite": {
      "version": "2.4.1",
      "resolved": "https://registry.npmjs.org/tram-lite/-/tram-lite-2.4.1.tgz",
      "integrity": "sha512-rwWyyFh2WWtLqmvRC6cI0t3S43cxgkb37/uvPCRO9VbIRhZxeyLsTC4H14CfrZ1ueyZDchPQmeykcVeRxRQm1g==",
      "dev": true,
      "license": "MIT"
    }
  },
  "dependencies": {
    "tram-lite": {
      "version": "2.4.1",
      "resolved": "https://registry.npmjs.org/tram-lite/-/tram-lite-2.4.1.tgz",
      "integrity": "sha512-rwWyyFh2WWtLqmvRC6cI0t3S43cxgkb37/uvPCRO9VbIRhZxeyLsTC4H14CfrZ1ueyZDchPQmeykcVeRxRQm1g==",
      "dev": true
    }
  }
}
